
Microsoft Visual Studio Solution File, Format Version 12.00
# Visual Studio Version 16
VisualStudioVersion = 16.0.29411.108
MinimumVisualStudioVersion = 10.0.40219.1
Project("{FAE04EC0-301F-11D3-BF4B-00C04F79EFBC}") = "Butterfly", "butterfly\Butterfly.csproj", "{E2A54191-12E7-4A4E-9F67-7C889CB95253}"
EndProject
Global
	GlobalSection(SolutionConfigurationPlatforms) = preSolution
		Debug|Any CPU = Debug|Any CPU
		Release|Any CPU = Release|Any CPU
	EndGlobalSection
	GlobalSection(ProjectConfigurationPlatforms) = postSolution
		{E2A54191-12E7-4A4E-9F67-7C889CB95253}.Debug|Any CPU.ActiveCfg = Debug|Any CPU
		{E2A54191-12E7-4A4E-9F67-7C889CB95253}.Debug|Any CPU.Build.0 = Debug|Any CPU
		{E2A54191-12E7-4A4E-9F67-7C889CB95253}.Release|Any CPU.ActiveCfg = Release|Any CPU
		{E2A54191-12E7-4A4E-9F67-7C889CB95253}.Release|Any CPU.Build.0 = Release|Any CPU
	EndGlobalSection
	GlobalSection(SolutionProperties) = preSolution
		HideSolutionNode = FALSE
	EndGlobalSection
	GlobalSection(ExtensibilityGlobals) = postSolution
		SolutionGuid = {88B974B2-52DE-4BE2-866A-757AADED142B}
	EndGlobalSection
EndGlobal
